
Microsoft Visual Studio Solution File, Format Version 12.00
# Visual Studio Version 16
VisualStudioVersion = 16.0.29411.108
MinimumVisualStudioVersion = 10.0.40219.1
Project("{FAE04EC0-301F-11D3-BF4B-00C04F79EFBC}") = "Contract", "Contract\Contract.csproj", "{7D274443-C0BA-455C-9032-470F2EFA02A4}"
EndProject
Global
	GlobalSection(SolutionConfigurationPlatforms) = preSolution
		Debug|Any CPU = Debug|Any CPU
		Release|Any CPU = Release|Any CPU
	EndGlobalSection
	GlobalSection(ProjectConfigurationPlatforms) = postSolution
		{7D274443-C0BA-455C-9032-470F2EFA02A4}.Debug|Any CPU.ActiveCfg = Debug|Any CPU
		{7D274443-C0BA-455C-9032-470F2EFA02A4}.Debug|Any CPU.Build.0 = Debug|Any CPU
		{7D274443-C0BA-455C-9032-470F2EFA02A4}.Release|Any CPU.ActiveCfg = Release|Any CPU
		{7D274443-C0BA-455C-9032-470F2EFA02A4}.Release|Any CPU.Build.0 = Release|Any CPU
	EndGlobalSection
	GlobalSection(SolutionProperties) = preSolution
		HideSolutionNode = FALSE
	EndGlobalSection
	GlobalSection(ExtensibilityGlobals) = postSolution
		SolutionGuid = {442EA831-5EAA-40AD-B77C-D37C68ADECD1}
	EndGlobalSection
EndGlobal
